<?xml version="1.0" encoding="utf-8"?>
<Project ToolsVersion="4.0" xmlns="http://schemas.microsoft.com/developer/msbuild/2003">
  <ItemGroup>
    <Filter Include="Source Files">
      <UniqueIdentifier>{4FC737F1-C7A5-4376-A066-2A32D752A2FF}</UniqueIdentifier>
      <Extensions>cpp;c;cc;cxx;def;odl;idl;hpj;bat;asm;asmx</Extensions>
    </Filter>
    <Filter Include="Header Files">
      <UniqueIdentifier>{93995380-89BD-4b04-88EB-625FBE52EBFB}</UniqueIdentifier>
      <Extensions>h;hpp;hxx;hm;inl;inc;xsd</Extensions>
    </Filter>
    <Filter Include="Resource Files">
      <UniqueIdentifier>{67DA6AB6-F800-4c08-8B7A-83BB121AAD01}</UniqueIdentifier>
      <Extensions>rc;ico;cur;bmp;dlg;rc2;rct;bin;rgs;gif;jpg;jpeg;jpe;resx;tiff;tif;png;wav</Extensions>
    </Filter>
  </ItemGroup>
  <ItemGroup>
    <ClCompile Include="src\adhoc.cpp">
      <Filter>Source Files</Filter>
    </ClCompile>
    <ClCompile Include="src\amp.cpp">
      <Filter>Source Files</Filter>
    </ClCompile>
    <ClCompile Include="src\annotations.cpp">
      <Filter>Source Files</Filter>
    </ClCompile>
    <ClCompile Include="src\atomicrefcount.cpp">
      <Filter>Source Files</Filter>
    </ClCompile>
    <ClCompile Include="src\attention.cpp">
      <Filter>Source Files</Filter>
    </ClCompile>
    <ClCompile Include="src\base64.cpp">
      <Filter>Source Files</Filter>
    </ClCompile>
    <ClCompile Include="src\bookmarkstorage.cpp">
      <Filter>Source Files</Filter>
    </ClCompile>
    <ClCompile Include="src\capabilities.cpp">
      <Filter>Source Files</Filter>
    </ClCompile>
    <ClCompile Include="src\carbons.cpp">
      <Filter>Source Files</Filter>
    </ClCompile>
    <ClCompile Include="src\chatstate.cpp">
      <Filter>Source Files</Filter>
    </ClCompile>
    <ClCompile Include="src\chatstatefilter.cpp">
      <Filter>Source Files</Filter>
    </ClCompile>
    <ClCompile Include="src\client.cpp">
      <Filter>Source Files</Filter>
    </ClCompile>
    <ClCompile Include="src\clientbase.cpp">
      <Filter>Source Files</Filter>
    </ClCompile>
    <ClCompile Include="src\component.cpp">
      <Filter>Source Files</Filter>
    </ClCompile>
    <ClCompile Include="src\compressiondefault.cpp">
      <Filter>Source Files</Filter>
    </ClCompile>
    <ClCompile Include="src\compressionzlib.cpp">
      <Filter>Source Files</Filter>
    </ClCompile>
    <ClCompile Include="src\connectionbosh.cpp">
      <Filter>Source Files</Filter>
    </ClCompile>
    <ClCompile Include="src\connectionhttpproxy.cpp">
      <Filter>Source Files</Filter>
    </ClCompile>
    <ClCompile Include="src\connectionsocks5proxy.cpp">
      <Filter>Source Files</Filter>
    </ClCompile>
    <ClCompile Include="src\connectiontcpbase.cpp">
      <Filter>Source Files</Filter>
    </ClCompile>
    <ClCompile Include="src\connectiontcpclient.cpp">
      <Filter>Source Files</Filter>
    </ClCompile>
    <ClCompile Include="src\connectiontcpserver.cpp">
      <Filter>Source Files</Filter>
    </ClCompile>
    <ClCompile Include="src\connectiontls.cpp">
      <Filter>Source Files</Filter>
    </ClCompile>
    <ClCompile Include="src\connectiontlsserver.cpp">
      <Filter>Source Files</Filter>
    </ClCompile>
    <ClCompile Include="src\dataform.cpp">
      <Filter>Source Files</Filter>
    </ClCompile>
    <ClCompile Include="src\dataformfield.cpp">
      <Filter>Source Files</Filter>
    </ClCompile>
    <ClCompile Include="src\dataformfieldcontainer.cpp">
      <Filter>Source Files</Filter>
    </ClCompile>
    <ClCompile Include="src\dataformitem.cpp">
      <Filter>Source Files</Filter>
    </ClCompile>
    <ClCompile Include="src\dataformreported.cpp">
      <Filter>Source Files</Filter>
    </ClCompile>
    <ClCompile Include="src\delayeddelivery.cpp">
      <Filter>Source Files</Filter>
    </ClCompile>
    <ClCompile Include="src\disco.cpp">
      <Filter>Source Files</Filter>
    </ClCompile>
    <ClCompile Include="src\dns.cpp">
      <Filter>Source Files</Filter>
    </ClCompile>
    <ClCompile Include="src\error.cpp">
      <Filter>Source Files</Filter>
    </ClCompile>
    <ClCompile Include="src\eventdispatcher.cpp">
      <Filter>Source Files</Filter>
    </ClCompile>
    <ClCompile Include="src\featureneg.cpp">
      <Filter>Source Files</Filter>
    </ClCompile>
    <ClCompile Include="src\flexoff.cpp">
      <Filter>Source Files</Filter>
    </ClCompile>
    <ClCompile Include="src\forward.cpp">
      <Filter>Source Files</Filter>
    </ClCompile>
    <ClCompile Include="src\gloox.cpp">
      <Filter>Source Files</Filter>
    </ClCompile>
    <ClCompile Include="src\gpgencrypted.cpp">
      <Filter>Source Files</Filter>
    </ClCompile>
    <ClCompile Include="src\gpgsigned.cpp">
      <Filter>Source Files</Filter>
    </ClCompile>
    <ClCompile Include="src\inbandbytestream.cpp">
      <Filter>Source Files</Filter>
    </ClCompile>
    <ClCompile Include="src\instantmucroom.cpp">
      <Filter>Source Files</Filter>
    </ClCompile>
    <ClCompile Include="src\iq.cpp">
      <Filter>Source Files</Filter>
    </ClCompile>
    <ClCompile Include="src\jid.cpp">
      <Filter>Source Files</Filter>
    </ClCompile>
    <ClCompile Include="src\jinglecontent.cpp">
      <Filter>Source Files</Filter>
    </ClCompile>
    <ClCompile Include="src\jinglefiletransfer.cpp">
      <Filter>Source Files</Filter>
    </ClCompile>
    <ClCompile Include="src\jingleiceudp.cpp">
      <Filter>Source Files</Filter>
    </ClCompile>
    <ClCompile Include="src\jinglepluginfactory.cpp">
      <Filter>Source Files</Filter>
    </ClCompile>
    <ClCompile Include="src\jinglesession.cpp">
      <Filter>Source Files</Filter>
    </ClCompile>
    <ClCompile Include="src\jinglesessionmanager.cpp">
      <Filter>Source Files</Filter>
    </ClCompile>
    <ClCompile Include="src\lastactivity.cpp">
      <Filter>Source Files</Filter>
    </ClCompile>
    <ClCompile Include="src\logsink.cpp">
      <Filter>Source Files</Filter>
    </ClCompile>
    <ClCompile Include="src\md5.cpp">
      <Filter>Source Files</Filter>
    </ClCompile>
    <ClCompile Include="src\message.cpp">
      <Filter>Source Files</Filter>
    </ClCompile>
    <ClCompile Include="src\messageevent.cpp">
      <Filter>Source Files</Filter>
    </ClCompile>
    <ClCompile Include="src\messageeventfilter.cpp">
      <Filter>Source Files</Filter>
    </ClCompile>
    <ClCompile Include="src\messagefilter.cpp">
      <Filter>Source Files</Filter>
    </ClCompile>
    <ClCompile Include="src\messagesession.cpp">
      <Filter>Source Files</Filter>
    </ClCompile>
    <ClCompile Include="src\mucmessagesession.cpp">
      <Filter>Source Files</Filter>
    </ClCompile>
    <ClCompile Include="src\mucroom.cpp">
      <Filter>Source Files</Filter>
    </ClCompile>
    <ClCompile Include="src\mutex.cpp">
      <Filter>Source Files</Filter>
    </ClCompile>
    <ClCompile Include="src\nickname.cpp">
      <Filter>Source Files</Filter>
    </ClCompile>
    <ClCompile Include="src\nonsaslauth.cpp">
      <Filter>Source Files</Filter>
    </ClCompile>
    <ClCompile Include="src\oob.cpp">
      <Filter>Source Files</Filter>
    </ClCompile>
    <ClCompile Include="src\parser.cpp">
      <Filter>Source Files</Filter>
    </ClCompile>
    <ClCompile Include="src\prep.cpp">
      <Filter>Source Files</Filter>
    </ClCompile>
    <ClCompile Include="src\presence.cpp">
      <Filter>Source Files</Filter>
    </ClCompile>
    <ClCompile Include="src\privacyitem.cpp">
      <Filter>Source Files</Filter>
    </ClCompile>
    <ClCompile Include="src\privacymanager.cpp">
      <Filter>Source Files</Filter>
    </ClCompile>
    <ClCompile Include="src\privatexml.cpp">
      <Filter>Source Files</Filter>
    </ClCompile>
    <ClCompile Include="src\pubsubevent.cpp">
      <Filter>Source Files</Filter>
    </ClCompile>
    <ClCompile Include="src\pubsubitem.cpp">
      <Filter>Source Files</Filter>
    </ClCompile>
    <ClCompile Include="src\pubsubmanager.cpp">
      <Filter>Source Files</Filter>
    </ClCompile>
    <ClCompile Include="src\receipt.cpp">
      <Filter>Source Files</Filter>
    </ClCompile>
    <ClCompile Include="src\registration.cpp">
      <Filter>Source Files</Filter>
    </ClCompile>
    <ClCompile Include="src\rosteritem.cpp">
      <Filter>Source Files</Filter>
    </ClCompile>
    <ClCompile Include="src\rostermanager.cpp">
      <Filter>Source Files</Filter>
    </ClCompile>
    <ClCompile Include="src\search.cpp">
      <Filter>Source Files</Filter>
    </ClCompile>
    <ClCompile Include="src\sha.cpp">
      <Filter>Source Files</Filter>
    </ClCompile>
    <ClCompile Include="src\shim.cpp">
      <Filter>Source Files</Filter>
    </ClCompile>
    <ClCompile Include="src\simanager.cpp">
      <Filter>Source Files</Filter>
    </ClCompile>
    <ClCompile Include="src\siprofileft.cpp">
      <Filter>Source Files</Filter>
    </ClCompile>
    <ClCompile Include="src\socks5bytestream.cpp">
      <Filter>Source Files</Filter>
    </ClCompile>
    <ClCompile Include="src\socks5bytestreammanager.cpp">
      <Filter>Source Files</Filter>
    </ClCompile>
    <ClCompile Include="src\socks5bytestreamserver.cpp">
      <Filter>Source Files</Filter>
    </ClCompile>
    <ClCompile Include="src\softwareversion.cpp">
      <Filter>Source Files</Filter>
    </ClCompile>
    <ClCompile Include="src\stanza.cpp">
      <Filter>Source Files</Filter>
    </ClCompile>
    <ClCompile Include="src\stanzaextensionfactory.cpp">
      <Filter>Source Files</Filter>
    </ClCompile>
    <ClCompile Include="src\subscription.cpp">
      <Filter>Source Files</Filter>
    </ClCompile>
    <ClCompile Include="src\tag.cpp">
      <Filter>Source Files</Filter>
    </ClCompile>
    <ClCompile Include="src\tlsdefault.cpp">
      <Filter>Source Files</Filter>
    </ClCompile>
    <ClCompile Include="src\tlsgnutlsbase.cpp">
      <Filter>Source Files</Filter>
    </ClCompile>
    <ClCompile Include="src\tlsgnutlsclient.cpp">
      <Filter>Source Files</Filter>
    </ClCompile>
    <ClCompile Include="src\tlsgnutlsclientanon.cpp">
      <Filter>Source Files</Filter>
    </ClCompile>
    <ClCompile Include="src\tlsgnutlsserveranon.cpp">
      <Filter>Source Files</Filter>
    </ClCompile>
    <ClCompile Include="src\tlsopensslbase.cpp">
      <Filter>Source Files</Filter>
    </ClCompile>
    <ClCompile Include="src\tlsopensslclient.cpp">
      <Filter>Source Files</Filter>
    </ClCompile>
    <ClCompile Include="src\tlsopensslserver.cpp">
      <Filter>Source Files</Filter>
    </ClCompile>
    <ClCompile Include="src\tlsschannel.cpp">
      <Filter>Source Files</Filter>
    </ClCompile>
    <ClCompile Include="src\uniquemucroom.cpp">
      <Filter>Source Files</Filter>
    </ClCompile>
    <ClCompile Include="src\util.cpp">
      <Filter>Source Files</Filter>
    </ClCompile>
    <ClCompile Include="src\vcard.cpp">
      <Filter>Source Files</Filter>
    </ClCompile>
    <ClCompile Include="src\vcardmanager.cpp">
      <Filter>Source Files</Filter>
    </ClCompile>
    <ClCompile Include="src\vcardupdate.cpp">
      <Filter>Source Files</Filter>
    </ClCompile>
    <ClCompile Include="src\xhtmlim.cpp">
      <Filter>Source Files</Filter>
    </ClCompile>
    <ClCompile Include="src\iodata.cpp">
      <Filter>Source Files</Filter>
    </ClCompile>
  </ItemGroup>
  <ItemGroup>
    <ResourceCompile Include="src\version.rc">
      <Filter>Resource Files</Filter>
    </ResourceCompile>
  </ItemGroup>
  <ItemGroup>
    <None Include="config.h.win" />
  </ItemGroup>
  <ItemGroup>
    <ClInclude Include="include\gloox\adhoc.h">
      <Filter>Header Files</Filter>
    </ClInclude>
    <ClInclude Include="include\gloox\adhoccommandprovider.h">
      <Filter>Header Files</Filter>
    </ClInclude>
    <ClInclude Include="include\gloox\adhochandler.h">
      <Filter>Header Files</Filter>
    </ClInclude>
    <ClInclude Include="include\gloox\adhocplugin.h">
      <Filter>Header Files</Filter>
    </ClInclude>
    <ClInclude Include="include\gloox\amp.h">
      <Filter>Header Files</Filter>
    </ClInclude>
    <ClInclude Include="include\gloox\annotations.h">
      <Filter>Header Files</Filter>
    </ClInclude>
    <ClInclude Include="include\gloox\annotationshandler.h">
      <Filter>Header Files</Filter>
    </ClInclude>
    <ClInclude Include="include\gloox\atomicrefcount.h">
      <Filter>Header Files</Filter>
    </ClInclude>
    <ClInclude Include="include\gloox\attention.h">
      <Filter>Header Files</Filter>
    </ClInclude>
    <ClInclude Include="include\gloox\base64.h">
      <Filter>Header Files</Filter>
    </ClInclude>
    <ClInclude Include="include\gloox\bookmarkhandler.h">
      <Filter>Header Files</Filter>
    </ClInclude>
    <ClInclude Include="include\gloox\bookmarkstorage.h">
      <Filter>Header Files</Filter>
    </ClInclude>
    <ClInclude Include="include\gloox\bytestream.h">
      <Filter>Header Files</Filter>
    </ClInclude>
    <ClInclude Include="include\gloox\bytestreamdatahandler.h">
      <Filter>Header Files</Filter>
    </ClInclude>
    <ClInclude Include="include\gloox\bytestreamhandler.h">
      <Filter>Header Files</Filter>
    </ClInclude>
    <ClInclude Include="include\gloox\capabilities.h">
      <Filter>Header Files</Filter>
    </ClInclude>
    <ClInclude Include="include\gloox\carbons.h">
      <Filter>Header Files</Filter>
    </ClInclude>
    <ClInclude Include="include\gloox\chatstate.h">
      <Filter>Header Files</Filter>
    </ClInclude>
    <ClInclude Include="include\gloox\chatstatefilter.h">
      <Filter>Header Files</Filter>
    </ClInclude>
    <ClInclude Include="include\gloox\chatstatehandler.h">
      <Filter>Header Files</Filter>
    </ClInclude>
    <ClInclude Include="include\gloox\client.h">
      <Filter>Header Files</Filter>
    </ClInclude>
    <ClInclude Include="include\gloox\clientbase.h">
      <Filter>Header Files</Filter>
    </ClInclude>
    <ClInclude Include="include\gloox\component.h">
      <Filter>Header Files</Filter>
    </ClInclude>
    <ClInclude Include="include\gloox\compressionbase.h">
      <Filter>Header Files</Filter>
    </ClInclude>
    <ClInclude Include="include\gloox\compressiondatahandler.h">
      <Filter>Header Files</Filter>
    </ClInclude>
    <ClInclude Include="include\gloox\compressiondefault.h">
      <Filter>Header Files</Filter>
    </ClInclude>
    <ClInclude Include="include\gloox\compressionzlib.h">
      <Filter>Header Files</Filter>
    </ClInclude>
    <ClInclude Include="include\gloox\config.h">
      <Filter>Header Files</Filter>
    </ClInclude>
    <ClInclude Include="include\gloox\connectionbase.h">
      <Filter>Header Files</Filter>
    </ClInclude>
    <ClInclude Include="include\gloox\connectionbosh.h">
      <Filter>Header Files</Filter>
    </ClInclude>
    <ClInclude Include="include\gloox\connectiondatahandler.h">
      <Filter>Header Files</Filter>
    </ClInclude>
    <ClInclude Include="include\gloox\connectionhandler.h">
      <Filter>Header Files</Filter>
    </ClInclude>
    <ClInclude Include="include\gloox\connectionhttpproxy.h">
      <Filter>Header Files</Filter>
    </ClInclude>
    <ClInclude Include="include\gloox\connectionlistener.h">
      <Filter>Header Files</Filter>
    </ClInclude>
    <ClInclude Include="include\gloox\connectionsocks5proxy.h">
      <Filter>Header Files</Filter>
    </ClInclude>
    <ClInclude Include="include\gloox\connectiontcpbase.h">
      <Filter>Header Files</Filter>
    </ClInclude>
    <ClInclude Include="include\gloox\connectiontcpclient.h">
      <Filter>Header Files</Filter>
    </ClInclude>
    <ClInclude Include="include\gloox\connectiontcpserver.h">
      <Filter>Header Files</Filter>
    </ClInclude>
    <ClInclude Include="include\gloox\connectiontls.h">
      <Filter>Header Files</Filter>
    </ClInclude>
    <ClInclude Include="include\gloox\connectiontlsserver.h">
      <Filter>Header Files</Filter>
    </ClInclude>
    <ClInclude Include="include\gloox\dataform.h">
      <Filter>Header Files</Filter>
    </ClInclude>
    <ClInclude Include="include\gloox\dataformfield.h">
      <Filter>Header Files</Filter>
    </ClInclude>
    <ClInclude Include="include\gloox\dataformfieldcontainer.h">
      <Filter>Header Files</Filter>
    </ClInclude>
    <ClInclude Include="include\gloox\dataformitem.h">
      <Filter>Header Files</Filter>
    </ClInclude>
    <ClInclude Include="include\gloox\dataformreported.h">
      <Filter>Header Files</Filter>
    </ClInclude>
    <ClInclude Include="include\gloox\delayeddelivery.h">
      <Filter>Header Files</Filter>
    </ClInclude>
    <ClInclude Include="include\gloox\disco.h">
      <Filter>Header Files</Filter>
    </ClInclude>
    <ClInclude Include="include\gloox\discohandler.h">
      <Filter>Header Files</Filter>
    </ClInclude>
    <ClInclude Include="include\gloox\disconodehandler.h">
      <Filter>Header Files</Filter>
    </ClInclude>
    <ClInclude Include="include\gloox\dns.h">
      <Filter>Header Files</Filter>
    </ClInclude>
    <ClInclude Include="include\gloox\error.h">
      <Filter>Header Files</Filter>
    </ClInclude>
    <ClInclude Include="include\gloox\event.h">
      <Filter>Header Files</Filter>
    </ClInclude>
    <ClInclude Include="include\gloox\eventdispatcher.h">
      <Filter>Header Files</Filter>
    </ClInclude>
    <ClInclude Include="include\gloox\eventhandler.h">
      <Filter>Header Files</Filter>
    </ClInclude>
    <ClInclude Include="include\gloox\featureneg.h">
      <Filter>Header Files</Filter>
    </ClInclude>
    <ClInclude Include="include\gloox\flexoff.h">
      <Filter>Header Files</Filter>
    </ClInclude>
    <ClInclude Include="include\gloox\flexoffhandler.h">
      <Filter>Header Files</Filter>
    </ClInclude>
    <ClInclude Include="include\gloox\forward.h">
      <Filter>Header Files</Filter>
    </ClInclude>
    <ClInclude Include="include\gloox\gloox.h">
      <Filter>Header Files</Filter>
    </ClInclude>
    <ClInclude Include="include\gloox\gpgencrypted.h">
      <Filter>Header Files</Filter>
    </ClInclude>
    <ClInclude Include="include\gloox\gpgsigned.h">
      <Filter>Header Files</Filter>
    </ClInclude>
    <ClInclude Include="include\gloox\inbandbytestream.h">
      <Filter>Header Files</Filter>
    </ClInclude>
    <ClInclude Include="include\gloox\instantmucroom.h">
      <Filter>Header Files</Filter>
    </ClInclude>
    <ClInclude Include="include\gloox\iodata.h">
      <Filter>Header Files</Filter>
    </ClInclude>
    <ClInclude Include="include\gloox\iq.h">
      <Filter>Header Files</Filter>
    </ClInclude>
    <ClInclude Include="include\gloox\iqhandler.h">
      <Filter>Header Files</Filter>
    </ClInclude>
    <ClInclude Include="include\gloox\jid.h">
      <Filter>Header Files</Filter>
    </ClInclude>
    <ClInclude Include="include\gloox\jinglecontent.h">
      <Filter>Header Files</Filter>
    </ClInclude>
    <ClInclude Include="include\gloox\jinglefiletransfer.h">
      <Filter>Header Files</Filter>
    </ClInclude>
    <ClInclude Include="include\gloox\jingleiceudp.h">
      <Filter>Header Files</Filter>
    </ClInclude>
    <ClInclude Include="include\gloox\jingleplugin.h">
      <Filter>Header Files</Filter>
    </ClInclude>
    <ClInclude Include="include\gloox\jinglepluginfactory.h">
      <Filter>Header Files</Filter>
    </ClInclude>
    <ClInclude Include="include\gloox\jinglesession.h">
      <Filter>Header Files</Filter>
    </ClInclude>
    <ClInclude Include="include\gloox\jinglesessionhandler.h">
      <Filter>Header Files</Filter>
    </ClInclude>
    <ClInclude Include="include\gloox\jinglesessionmanager.h">
      <Filter>Header Files</Filter>
    </ClInclude>
    <ClInclude Include="include\gloox\lastactivity.h">
      <Filter>Header Files</Filter>
    </ClInclude>
    <ClInclude Include="include\gloox\lastactivityhandler.h">
      <Filter>Header Files</Filter>
    </ClInclude>
    <ClInclude Include="include\gloox\loghandler.h">
      <Filter>Header Files</Filter>
    </ClInclude>
    <ClInclude Include="include\gloox\logsink.h">
      <Filter>Header Files</Filter>
    </ClInclude>
    <ClInclude Include="include\gloox\macros.h">
      <Filter>Header Files</Filter>
    </ClInclude>
    <ClInclude Include="include\gloox\md5.h">
      <Filter>Header Files</Filter>
    </ClInclude>
    <ClInclude Include="include\gloox\message.h">
      <Filter>Header Files</Filter>
    </ClInclude>
    <ClInclude Include="include\gloox\messageevent.h">
      <Filter>Header Files</Filter>
    </ClInclude>
    <ClInclude Include="include\gloox\messageeventfilter.h">
      <Filter>Header Files</Filter>
    </ClInclude>
    <ClInclude Include="include\gloox\messageeventhandler.h">
      <Filter>Header Files</Filter>
    </ClInclude>
    <ClInclude Include="include\gloox\messagefilter.h">
      <Filter>Header Files</Filter>
    </ClInclude>
    <ClInclude Include="include\gloox\messagehandler.h">
      <Filter>Header Files</Filter>
    </ClInclude>
    <ClInclude Include="include\gloox\messagesession.h">
      <Filter>Header Files</Filter>
    </ClInclude>
    <ClInclude Include="include\gloox\messagesessionhandler.h">
      <Filter>Header Files</Filter>
    </ClInclude>
    <ClInclude Include="include\gloox\mucinvitationhandler.h">
      <Filter>Header Files</Filter>
    </ClInclude>
    <ClInclude Include="include\gloox\mucmessagesession.h">
      <Filter>Header Files</Filter>
    </ClInclude>
    <ClInclude Include="include\gloox\mucroom.h">
      <Filter>Header Files</Filter>
    </ClInclude>
    <ClInclude Include="include\gloox\mucroomconfighandler.h">
      <Filter>Header Files</Filter>
    </ClInclude>
    <ClInclude Include="include\gloox\mucroomhandler.h">
      <Filter>Header Files</Filter>
    </ClInclude>
    <ClInclude Include="include\gloox\mutex.h">
      <Filter>Header Files</Filter>
    </ClInclude>
    <ClInclude Include="include\gloox\mutexguard.h">
      <Filter>Header Files</Filter>
    </ClInclude>
    <ClInclude Include="include\gloox\nickname.h">
      <Filter>Header Files</Filter>
    </ClInclude>
    <ClInclude Include="include\gloox\nonsaslauth.h">
      <Filter>Header Files</Filter>
    </ClInclude>
    <ClInclude Include="include\gloox\oob.h">
      <Filter>Header Files</Filter>
    </ClInclude>
    <ClInclude Include="include\gloox\parser.h">
      <Filter>Header Files</Filter>
    </ClInclude>
    <ClInclude Include="include\gloox\prep.h">
      <Filter>Header Files</Filter>
    </ClInclude>
    <ClInclude Include="include\gloox\presence.h">
      <Filter>Header Files</Filter>
    </ClInclude>
    <ClInclude Include="include\gloox\presencehandler.h">
      <Filter>Header Files</Filter>
    </ClInclude>
    <ClInclude Include="include\gloox\privacyitem.h">
      <Filter>Header Files</Filter>
    </ClInclude>
    <ClInclude Include="include\gloox\privacylisthandler.h">
      <Filter>Header Files</Filter>
    </ClInclude>
    <ClInclude Include="include\gloox\privacymanager.h">
      <Filter>Header Files</Filter>
    </ClInclude>
    <ClInclude Include="include\gloox\privatexml.h">
      <Filter>Header Files</Filter>
    </ClInclude>
    <ClInclude Include="include\gloox\privatexmlhandler.h">
      <Filter>Header Files</Filter>
    </ClInclude>
    <ClInclude Include="include\gloox\pubsub.h">
      <Filter>Header Files</Filter>
    </ClInclude>
    <ClInclude Include="include\gloox\pubsubevent.h">
      <Filter>Header Files</Filter>
    </ClInclude>
    <ClInclude Include="include\gloox\pubsubitem.h">
      <Filter>Header Files</Filter>
    </ClInclude>
    <ClInclude Include="include\gloox\pubsubmanager.h">
      <Filter>Header Files</Filter>
    </ClInclude>
    <ClInclude Include="include\gloox\pubsubresulthandler.h">
      <Filter>Header Files</Filter>
    </ClInclude>
    <ClInclude Include="include\gloox\receipt.h">
      <Filter>Header Files</Filter>
    </ClInclude>
    <ClInclude Include="include\gloox\registration.h">
      <Filter>Header Files</Filter>
    </ClInclude>
    <ClInclude Include="include\gloox\registrationhandler.h">
      <Filter>Header Files</Filter>
    </ClInclude>
    <ClInclude Include="include\gloox\resource.h">
      <Filter>Header Files</Filter>
    </ClInclude>
    <ClInclude Include="include\gloox\rosteritem.h">
      <Filter>Header Files</Filter>
    </ClInclude>
    <ClInclude Include="include\gloox\rosteritemdata.h">
      <Filter>Header Files</Filter>
    </ClInclude>
    <ClInclude Include="include\gloox\rosterlistener.h">
      <Filter>Header Files</Filter>
    </ClInclude>
    <ClInclude Include="include\gloox\rostermanager.h">
      <Filter>Header Files</Filter>
    </ClInclude>
    <ClInclude Include="include\gloox\search.h">
      <Filter>Header Files</Filter>
    </ClInclude>
    <ClInclude Include="include\gloox\searchhandler.h">
      <Filter>Header Files</Filter>
    </ClInclude>
    <ClInclude Include="include\gloox\sha.h">
      <Filter>Header Files</Filter>
    </ClInclude>
    <ClInclude Include="include\gloox\shim.h">
      <Filter>Header Files</Filter>
    </ClInclude>
    <ClInclude Include="include\gloox\sihandler.h">
      <Filter>Header Files</Filter>
    </ClInclude>
    <ClInclude Include="include\gloox\simanager.h">
      <Filter>Header Files</Filter>
    </ClInclude>
    <ClInclude Include="include\gloox\siprofileft.h">
      <Filter>Header Files</Filter>
    </ClInclude>
    <ClInclude Include="include\gloox\siprofilefthandler.h">
      <Filter>Header Files</Filter>
    </ClInclude>
    <ClInclude Include="include\gloox\siprofilehandler.h">
      <Filter>Header Files</Filter>
    </ClInclude>
    <ClInclude Include="include\gloox\socks5bytestream.h">
      <Filter>Header Files</Filter>
    </ClInclude>
    <ClInclude Include="include\gloox\socks5bytestreammanager.h">
      <Filter>Header Files</Filter>
    </ClInclude>
    <ClInclude Include="include\gloox\socks5bytestreamserver.h">
      <Filter>Header Files</Filter>
    </ClInclude>
    <ClInclude Include="include\gloox\softwareversion.h">
      <Filter>Header Files</Filter>
    </ClInclude>
    <ClInclude Include="include\gloox\stanza.h">
      <Filter>Header Files</Filter>
    </ClInclude>
    <ClInclude Include="include\gloox\stanzaextension.h">
      <Filter>Header Files</Filter>
    </ClInclude>
    <ClInclude Include="include\gloox\stanzaextensionfactory.h">
      <Filter>Header Files</Filter>
    </ClInclude>
    <ClInclude Include="include\gloox\statisticshandler.h">
      <Filter>Header Files</Filter>
    </ClInclude>
    <ClInclude Include="include\gloox\subscription.h">
      <Filter>Header Files</Filter>
    </ClInclude>
    <ClInclude Include="include\gloox\subscriptionhandler.h">
      <Filter>Header Files</Filter>
    </ClInclude>
    <ClInclude Include="include\gloox\tag.h">
      <Filter>Header Files</Filter>
    </ClInclude>
    <ClInclude Include="include\gloox\taghandler.h">
      <Filter>Header Files</Filter>
    </ClInclude>
    <ClInclude Include="include\gloox\tlsbase.h">
      <Filter>Header Files</Filter>
    </ClInclude>
    <ClInclude Include="include\gloox\tlsdefault.h">
      <Filter>Header Files</Filter>
    </ClInclude>
    <ClInclude Include="include\gloox\tlsgnutlsbase.h">
      <Filter>Header Files</Filter>
    </ClInclude>
    <ClInclude Include="include\gloox\tlsgnutlsclient.h">
      <Filter>Header Files</Filter>
    </ClInclude>
    <ClInclude Include="include\gloox\tlsgnutlsclientanon.h">
      <Filter>Header Files</Filter>
    </ClInclude>
    <ClInclude Include="include\gloox\tlsgnutlsserveranon.h">
      <Filter>Header Files</Filter>
    </ClInclude>
    <ClInclude Include="include\gloox\tlshandler.h">
      <Filter>Header Files</Filter>
    </ClInclude>
    <ClInclude Include="include\gloox\tlsopensslbase.h">
      <Filter>Header Files</Filter>
    </ClInclude>
    <ClInclude Include="include\gloox\tlsopensslclient.h">
      <Filter>Header Files</Filter>
    </ClInclude>
    <ClInclude Include="include\gloox\tlsopensslserver.h">
      <Filter>Header Files</Filter>
    </ClInclude>
    <ClInclude Include="include\gloox\tlsschannel.h">
      <Filter>Header Files</Filter>
    </ClInclude>
    <ClInclude Include="include\gloox\uniquemucroom.h">
      <Filter>Header Files</Filter>
    </ClInclude>
    <ClInclude Include="include\gloox\util.h">
      <Filter>Header Files</Filter>
    </ClInclude>
    <ClInclude Include="include\gloox\vcard.h">
      <Filter>Header Files</Filter>
    </ClInclude>
    <ClInclude Include="include\gloox\vcardhandler.h">
      <Filter>Header Files</Filter>
    </ClInclude>
    <ClInclude Include="include\gloox\vcardmanager.h">
      <Filter>Header Files</Filter>
    </ClInclude>
    <ClInclude Include="include\gloox\vcardupdate.h">
      <Filter>Header Files</Filter>
    </ClInclude>
    <ClInclude Include="include\gloox\xhtmlim.h">
      <Filter>Header Files</Filter>
    </ClInclude>
  </ItemGroup>
</Project>