<?xml version="1.0" encoding="utf-8"?>
<Project ToolsVersion="4.0" xmlns="http://schemas.microsoft.com/developer/msbuild/2003">
  <ItemGroup>
    <Filter Include="Source Files">
      <UniqueIdentifier>{4FC737F1-C7A5-4376-A066-2A32D752A2FF}</UniqueIdentifier>
      <Extensions>cpp;c;cc;cxx;def;odl;idl;hpj;bat;asm;asmx</Extensions>
    </Filter>
    <Filter Include="Header Files">
      <UniqueIdentifier>{93995380-89BD-4b04-88EB-625FBE52EBFB}</UniqueIdentifier>
      <Extensions>h;hpp;hxx;hm;inl;inc;xsd</Extensions>
    </Filter>
    <Filter Include="Resource Files">
      <UniqueIdentifier>{67DA6AB6-F800-4c08-8B7A-83BB121AAD01}</UniqueIdentifier>
      <Extensions>rc;ico;cur;bmp;dlg;rc2;rct;bin;rgs;gif;jpg;jpeg;jpe;resx;tiff;tif;png;wav;mfcribbon-ms</Extensions>
    </Filter>
    <Filter Include="Dependencies">
      <UniqueIdentifier>{32d012fa-0176-421f-97f9-ee9aa0b679a1}</UniqueIdentifier>
    </Filter>
    <Filter Include="Dependencies\SQLite 3">
      <UniqueIdentifier>{953972a5-3c2a-47e9-9f1d-f3832b91d269}</UniqueIdentifier>
    </Filter>
    <Filter Include="Dependencies\OpenSSL">
      <UniqueIdentifier>{b8d9214c-f254-44c0-b762-fb42c9d597d1}</UniqueIdentifier>
    </Filter>
    <Filter Include="TgBot">
      <UniqueIdentifier>{1295358e-ae49-4eb1-bdb3-e68e08afa441}</UniqueIdentifier>
    </Filter>
    <Filter Include="TgBot\Types">
      <UniqueIdentifier>{8389e7db-c00e-4a32-9c93-57b2ab79796b}</UniqueIdentifier>
    </Filter>
  </ItemGroup>
  <ItemGroup>
    <ClCompile Include="Main.cpp">
      <Filter>Source Files</Filter>
    </ClCompile>
    <ClCompile Include="Application.cpp">
      <Filter>Source Files</Filter>
    </ClCompile>
    <ClCompile Include="StdAfx.cpp">
      <Filter>Source Files</Filter>
    </ClCompile>
    <ClCompile Include="TcpClient.cpp">
      <Filter>Source Files</Filter>
    </ClCompile>
    <ClCompile Include="TcpServer.cpp">
      <Filter>Source Files</Filter>
    </ClCompile>
    <ClCompile Include="TcpSession.cpp">
      <Filter>Source Files</Filter>
    </ClCompile>
    <ClCompile Include="Device.cpp">
      <Filter>Source Files</Filter>
    </ClCompile>
    <ClCompile Include="Utilities.cpp">
      <Filter>Source Files</Filter>
    </ClCompile>
    <ClCompile Include="ApplicationReceiver.cpp">
      <Filter>Source Files</Filter>
    </ClCompile>
    <ClCompile Include="ApplicationTransmitter.cpp">
      <Filter>Source Files</Filter>
    </ClCompile>
    <ClCompile Include="ApplicationCommands.cpp">
      <Filter>Source Files</Filter>
    </ClCompile>
    <ClCompile Include="..\dep\sqlite3\sqlite3.c">
      <Filter>Dependencies\SQLite 3</Filter>
    </ClCompile>
    <ClCompile Include="SslClient.cpp">
      <Filter>Source Files</Filter>
    </ClCompile>
    <ClCompile Include="Url.cpp">
      <Filter>Source Files</Filter>
    </ClCompile>
    <ClCompile Include="HttpsClient.cpp">
      <Filter>Source Files</Filter>
    </ClCompile>
    <ClCompile Include="HttpRequest.cpp">
      <Filter>Source Files</Filter>
    </ClCompile>
    <ClCompile Include="TelegramBot.cpp">
      <Filter>Source Files</Filter>
    </ClCompile>
    <ClCompile Include="ApplicationTelegram.cpp">
      <Filter>Source Files</Filter>
    </ClCompile>
    <ClCompile Include="HttpParser.cpp">
      <Filter>Source Files</Filter>
    </ClCompile>
    <ClCompile Include="tgbot\TgTypeParser.cpp">
      <Filter>TgBot</Filter>
    </ClCompile>
    <ClCompile Include="tgbot\types\InlineQueryResult.cpp">
      <Filter>TgBot\Types</Filter>
    </ClCompile>
    <ClCompile Include="tgbot\types\InputFile.cpp">
      <Filter>TgBot\Types</Filter>
    </ClCompile>
    <ClCompile Include="ApplicationDatabase.cpp">
      <Filter>Source Files</Filter>
    </ClCompile>
  </ItemGroup>
  <ItemGroup>
    <ClInclude Include="Application.h">
      <Filter>Header Files</Filter>
    </ClInclude>
    <ClInclude Include="StdAfx.h">
      <Filter>Header Files</Filter>
    </ClInclude>
    <ClInclude Include="TcpClient.h">
      <Filter>Header Files</Filter>
    </ClInclude>
    <ClInclude Include="TcpClientHandler.h">
      <Filter>Header Files</Filter>
    </ClInclude>
    <ClInclude Include="TcpServer.h">
      <Filter>Header Files</Filter>
    </ClInclude>
    <ClInclude Include="TcpSession.h">
      <Filter>Header Files</Filter>
    </ClInclude>
    <ClInclude Include="TcpSessionHandler.h">
      <Filter>Header Files</Filter>
    </ClInclude>
    <ClInclude Include="Device.h">
      <Filter>Header Files</Filter>
    </ClInclude>
    <ClInclude Include="Utilities.h">
      <Filter>Header Files</Filter>
    </ClInclude>
    <ClInclude Include="..\dep\sqlite3\include\sqlite3.h">
      <Filter>Dependencies\SQLite 3</Filter>
    </ClInclude>
    <ClInclude Include="..\dep\sqlite3\include\sqlite3ext.h">
      <Filter>Dependencies\SQLite 3</Filter>
    </ClInclude>
    <ClInclude Include="..\dep\openssl\include\openssl\aes.h">
      <Filter>Dependencies\OpenSSL</Filter>
    </ClInclude>
    <ClInclude Include="..\dep\openssl\include\openssl\asn1.h">
      <Filter>Dependencies\OpenSSL</Filter>
    </ClInclude>
    <ClInclude Include="..\dep\openssl\include\openssl\asn1_mac.h">
      <Filter>Dependencies\OpenSSL</Filter>
    </ClInclude>
    <ClInclude Include="..\dep\openssl\include\openssl\asn1t.h">
      <Filter>Dependencies\OpenSSL</Filter>
    </ClInclude>
    <ClInclude Include="..\dep\openssl\include\openssl\bio.h">
      <Filter>Dependencies\OpenSSL</Filter>
    </ClInclude>
    <ClInclude Include="..\dep\openssl\include\openssl\blowfish.h">
      <Filter>Dependencies\OpenSSL</Filter>
    </ClInclude>
    <ClInclude Include="..\dep\openssl\include\openssl\bn.h">
      <Filter>Dependencies\OpenSSL</Filter>
    </ClInclude>
    <ClInclude Include="..\dep\openssl\include\openssl\buffer.h">
      <Filter>Dependencies\OpenSSL</Filter>
    </ClInclude>
    <ClInclude Include="..\dep\openssl\include\openssl\camellia.h">
      <Filter>Dependencies\OpenSSL</Filter>
    </ClInclude>
    <ClInclude Include="..\dep\openssl\include\openssl\cast.h">
      <Filter>Dependencies\OpenSSL</Filter>
    </ClInclude>
    <ClInclude Include="..\dep\openssl\include\openssl\cmac.h">
      <Filter>Dependencies\OpenSSL</Filter>
    </ClInclude>
    <ClInclude Include="..\dep\openssl\include\openssl\cms.h">
      <Filter>Dependencies\OpenSSL</Filter>
    </ClInclude>
    <ClInclude Include="..\dep\openssl\include\openssl\comp.h">
      <Filter>Dependencies\OpenSSL</Filter>
    </ClInclude>
    <ClInclude Include="..\dep\openssl\include\openssl\conf.h">
      <Filter>Dependencies\OpenSSL</Filter>
    </ClInclude>
    <ClInclude Include="..\dep\openssl\include\openssl\conf_api.h">
      <Filter>Dependencies\OpenSSL</Filter>
    </ClInclude>
    <ClInclude Include="..\dep\openssl\include\openssl\crypto.h">
      <Filter>Dependencies\OpenSSL</Filter>
    </ClInclude>
    <ClInclude Include="..\dep\openssl\include\openssl\des.h">
      <Filter>Dependencies\OpenSSL</Filter>
    </ClInclude>
    <ClInclude Include="..\dep\openssl\include\openssl\des_old.h">
      <Filter>Dependencies\OpenSSL</Filter>
    </ClInclude>
    <ClInclude Include="..\dep\openssl\include\openssl\dh.h">
      <Filter>Dependencies\OpenSSL</Filter>
    </ClInclude>
    <ClInclude Include="..\dep\openssl\include\openssl\dsa.h">
      <Filter>Dependencies\OpenSSL</Filter>
    </ClInclude>
    <ClInclude Include="..\dep\openssl\include\openssl\dso.h">
      <Filter>Dependencies\OpenSSL</Filter>
    </ClInclude>
    <ClInclude Include="..\dep\openssl\include\openssl\dtls1.h">
      <Filter>Dependencies\OpenSSL</Filter>
    </ClInclude>
    <ClInclude Include="..\dep\openssl\include\openssl\e_os2.h">
      <Filter>Dependencies\OpenSSL</Filter>
    </ClInclude>
    <ClInclude Include="..\dep\openssl\include\openssl\ebcdic.h">
      <Filter>Dependencies\OpenSSL</Filter>
    </ClInclude>
    <ClInclude Include="..\dep\openssl\include\openssl\ec.h">
      <Filter>Dependencies\OpenSSL</Filter>
    </ClInclude>
    <ClInclude Include="..\dep\openssl\include\openssl\ecdh.h">
      <Filter>Dependencies\OpenSSL</Filter>
    </ClInclude>
    <ClInclude Include="..\dep\openssl\include\openssl\ecdsa.h">
      <Filter>Dependencies\OpenSSL</Filter>
    </ClInclude>
    <ClInclude Include="..\dep\openssl\include\openssl\engine.h">
      <Filter>Dependencies\OpenSSL</Filter>
    </ClInclude>
    <ClInclude Include="..\dep\openssl\include\openssl\err.h">
      <Filter>Dependencies\OpenSSL</Filter>
    </ClInclude>
    <ClInclude Include="..\dep\openssl\include\openssl\evp.h">
      <Filter>Dependencies\OpenSSL</Filter>
    </ClInclude>
    <ClInclude Include="..\dep\openssl\include\openssl\hmac.h">
      <Filter>Dependencies\OpenSSL</Filter>
    </ClInclude>
    <ClInclude Include="..\dep\openssl\include\openssl\idea.h">
      <Filter>Dependencies\OpenSSL</Filter>
    </ClInclude>
    <ClInclude Include="..\dep\openssl\include\openssl\krb5_asn.h">
      <Filter>Dependencies\OpenSSL</Filter>
    </ClInclude>
    <ClInclude Include="..\dep\openssl\include\openssl\kssl.h">
      <Filter>Dependencies\OpenSSL</Filter>
    </ClInclude>
    <ClInclude Include="..\dep\openssl\include\openssl\lhash.h">
      <Filter>Dependencies\OpenSSL</Filter>
    </ClInclude>
    <ClInclude Include="..\dep\openssl\include\openssl\md4.h">
      <Filter>Dependencies\OpenSSL</Filter>
    </ClInclude>
    <ClInclude Include="..\dep\openssl\include\openssl\md5.h">
      <Filter>Dependencies\OpenSSL</Filter>
    </ClInclude>
    <ClInclude Include="..\dep\openssl\include\openssl\mdc2.h">
      <Filter>Dependencies\OpenSSL</Filter>
    </ClInclude>
    <ClInclude Include="..\dep\openssl\include\openssl\modes.h">
      <Filter>Dependencies\OpenSSL</Filter>
    </ClInclude>
    <ClInclude Include="..\dep\openssl\include\openssl\obj_mac.h">
      <Filter>Dependencies\OpenSSL</Filter>
    </ClInclude>
    <ClInclude Include="..\dep\openssl\include\openssl\objects.h">
      <Filter>Dependencies\OpenSSL</Filter>
    </ClInclude>
    <ClInclude Include="..\dep\openssl\include\openssl\ocsp.h">
      <Filter>Dependencies\OpenSSL</Filter>
    </ClInclude>
    <ClInclude Include="..\dep\openssl\include\openssl\opensslconf.h">
      <Filter>Dependencies\OpenSSL</Filter>
    </ClInclude>
    <ClInclude Include="..\dep\openssl\include\openssl\opensslv.h">
      <Filter>Dependencies\OpenSSL</Filter>
    </ClInclude>
    <ClInclude Include="..\dep\openssl\include\openssl\ossl_typ.h">
      <Filter>Dependencies\OpenSSL</Filter>
    </ClInclude>
    <ClInclude Include="..\dep\openssl\include\openssl\pem.h">
      <Filter>Dependencies\OpenSSL</Filter>
    </ClInclude>
    <ClInclude Include="..\dep\openssl\include\openssl\pem2.h">
      <Filter>Dependencies\OpenSSL</Filter>
    </ClInclude>
    <ClInclude Include="..\dep\openssl\include\openssl\pkcs7.h">
      <Filter>Dependencies\OpenSSL</Filter>
    </ClInclude>
    <ClInclude Include="..\dep\openssl\include\openssl\pkcs12.h">
      <Filter>Dependencies\OpenSSL</Filter>
    </ClInclude>
    <ClInclude Include="..\dep\openssl\include\openssl\pqueue.h">
      <Filter>Dependencies\OpenSSL</Filter>
    </ClInclude>
    <ClInclude Include="..\dep\openssl\include\openssl\rand.h">
      <Filter>Dependencies\OpenSSL</Filter>
    </ClInclude>
    <ClInclude Include="..\dep\openssl\include\openssl\rc2.h">
      <Filter>Dependencies\OpenSSL</Filter>
    </ClInclude>
    <ClInclude Include="..\dep\openssl\include\openssl\rc4.h">
      <Filter>Dependencies\OpenSSL</Filter>
    </ClInclude>
    <ClInclude Include="..\dep\openssl\include\openssl\ripemd.h">
      <Filter>Dependencies\OpenSSL</Filter>
    </ClInclude>
    <ClInclude Include="..\dep\openssl\include\openssl\rsa.h">
      <Filter>Dependencies\OpenSSL</Filter>
    </ClInclude>
    <ClInclude Include="..\dep\openssl\include\openssl\safestack.h">
      <Filter>Dependencies\OpenSSL</Filter>
    </ClInclude>
    <ClInclude Include="..\dep\openssl\include\openssl\seed.h">
      <Filter>Dependencies\OpenSSL</Filter>
    </ClInclude>
    <ClInclude Include="..\dep\openssl\include\openssl\sha.h">
      <Filter>Dependencies\OpenSSL</Filter>
    </ClInclude>
    <ClInclude Include="..\dep\openssl\include\openssl\srp.h">
      <Filter>Dependencies\OpenSSL</Filter>
    </ClInclude>
    <ClInclude Include="..\dep\openssl\include\openssl\srtp.h">
      <Filter>Dependencies\OpenSSL</Filter>
    </ClInclude>
    <ClInclude Include="..\dep\openssl\include\openssl\ssl.h">
      <Filter>Dependencies\OpenSSL</Filter>
    </ClInclude>
    <ClInclude Include="..\dep\openssl\include\openssl\ssl2.h">
      <Filter>Dependencies\OpenSSL</Filter>
    </ClInclude>
    <ClInclude Include="..\dep\openssl\include\openssl\ssl3.h">
      <Filter>Dependencies\OpenSSL</Filter>
    </ClInclude>
    <ClInclude Include="..\dep\openssl\include\openssl\ssl23.h">
      <Filter>Dependencies\OpenSSL</Filter>
    </ClInclude>
    <ClInclude Include="..\dep\openssl\include\openssl\stack.h">
      <Filter>Dependencies\OpenSSL</Filter>
    </ClInclude>
    <ClInclude Include="..\dep\openssl\include\openssl\symhacks.h">
      <Filter>Dependencies\OpenSSL</Filter>
    </ClInclude>
    <ClInclude Include="..\dep\openssl\include\openssl\tls1.h">
      <Filter>Dependencies\OpenSSL</Filter>
    </ClInclude>
    <ClInclude Include="..\dep\openssl\include\openssl\ts.h">
      <Filter>Dependencies\OpenSSL</Filter>
    </ClInclude>
    <ClInclude Include="..\dep\openssl\include\openssl\txt_db.h">
      <Filter>Dependencies\OpenSSL</Filter>
    </ClInclude>
    <ClInclude Include="..\dep\openssl\include\openssl\ui.h">
      <Filter>Dependencies\OpenSSL</Filter>
    </ClInclude>
    <ClInclude Include="..\dep\openssl\include\openssl\ui_compat.h">
      <Filter>Dependencies\OpenSSL</Filter>
    </ClInclude>
    <ClInclude Include="..\dep\openssl\include\openssl\whrlpool.h">
      <Filter>Dependencies\OpenSSL</Filter>
    </ClInclude>
    <ClInclude Include="..\dep\openssl\include\openssl\x509.h">
      <Filter>Dependencies\OpenSSL</Filter>
    </ClInclude>
    <ClInclude Include="..\dep\openssl\include\openssl\x509_vfy.h">
      <Filter>Dependencies\OpenSSL</Filter>
    </ClInclude>
    <ClInclude Include="..\dep\openssl\include\openssl\x509v3.h">
      <Filter>Dependencies\OpenSSL</Filter>
    </ClInclude>
    <ClInclude Include="SslClient.h">
      <Filter>Header Files</Filter>
    </ClInclude>
    <ClInclude Include="Url.h">
      <Filter>Header Files</Filter>
    </ClInclude>
    <ClInclude Include="HttpsClient.h">
      <Filter>Header Files</Filter>
    </ClInclude>
    <ClInclude Include="HttpClientHandler.h">
      <Filter>Header Files</Filter>
    </ClInclude>
    <ClInclude Include="HttpRequest.h">
      <Filter>Header Files</Filter>
    </ClInclude>
    <ClInclude Include="TelegramBot.h">
      <Filter>Header Files</Filter>
    </ClInclude>
    <ClInclude Include="TelegramBotHandler.h">
      <Filter>Header Files</Filter>
    </ClInclude>
    <ClInclude Include="HttpParser.h">
      <Filter>Header Files</Filter>
    </ClInclude>
    <ClInclude Include="HttpReqArg.h">
      <Filter>Header Files</Filter>
    </ClInclude>
    <ClInclude Include="tgbot\TgTypeParser.h">
      <Filter>TgBot</Filter>
    </ClInclude>
    <ClInclude Include="tgbot\types\Audio.h">
      <Filter>TgBot\Types</Filter>
    </ClInclude>
    <ClInclude Include="tgbot\types\CallbackQuery.h">
      <Filter>TgBot\Types</Filter>
    </ClInclude>
    <ClInclude Include="tgbot\types\Chat.h">
      <Filter>TgBot\Types</Filter>
    </ClInclude>
    <ClInclude Include="tgbot\types\ChatMember.h">
      <Filter>TgBot\Types</Filter>
    </ClInclude>
    <ClInclude Include="tgbot\types\ChosenInlineResult.h">
      <Filter>TgBot\Types</Filter>
    </ClInclude>
    <ClInclude Include="tgbot\types\Contact.h">
      <Filter>TgBot\Types</Filter>
    </ClInclude>
    <ClInclude Include="tgbot\types\Document.h">
      <Filter>TgBot\Types</Filter>
    </ClInclude>
    <ClInclude Include="tgbot\types\File.h">
      <Filter>TgBot\Types</Filter>
    </ClInclude>
    <ClInclude Include="tgbot\types\ForceReply.h">
      <Filter>TgBot\Types</Filter>
    </ClInclude>
    <ClInclude Include="tgbot\types\GenericReply.h">
      <Filter>TgBot\Types</Filter>
    </ClInclude>
    <ClInclude Include="tgbot\types\InlineKeyboardButton.h">
      <Filter>TgBot\Types</Filter>
    </ClInclude>
    <ClInclude Include="tgbot\types\InlineKeyboardMarkup.h">
      <Filter>TgBot\Types</Filter>
    </ClInclude>
    <ClInclude Include="tgbot\types\InlineQuery.h">
      <Filter>TgBot\Types</Filter>
    </ClInclude>
    <ClInclude Include="tgbot\types\InlineQueryResult.h">
      <Filter>TgBot\Types</Filter>
    </ClInclude>
    <ClInclude Include="tgbot\types\InlineQueryResultArticle.h">
      <Filter>TgBot\Types</Filter>
    </ClInclude>
    <ClInclude Include="tgbot\types\InlineQueryResultAudio.h">
      <Filter>TgBot\Types</Filter>
    </ClInclude>
    <ClInclude Include="tgbot\types\InlineQueryResultCachedAudio.h">
      <Filter>TgBot\Types</Filter>
    </ClInclude>
    <ClInclude Include="tgbot\types\InlineQueryResultCachedDocument.h">
      <Filter>TgBot\Types</Filter>
    </ClInclude>
    <ClInclude Include="tgbot\types\InlineQueryResultCachedGif.h">
      <Filter>TgBot\Types</Filter>
    </ClInclude>
    <ClInclude Include="tgbot\types\InlineQueryResultCachedMpeg4Gif.h">
      <Filter>TgBot\Types</Filter>
    </ClInclude>
    <ClInclude Include="tgbot\types\InlineQueryResultCachedPhoto.h">
      <Filter>TgBot\Types</Filter>
    </ClInclude>
    <ClInclude Include="tgbot\types\InlineQueryResultCachedSticker.h">
      <Filter>TgBot\Types</Filter>
    </ClInclude>
    <ClInclude Include="tgbot\types\InlineQueryResultCachedVideo.h">
      <Filter>TgBot\Types</Filter>
    </ClInclude>
    <ClInclude Include="tgbot\types\InlineQueryResultCachedVoice.h">
      <Filter>TgBot\Types</Filter>
    </ClInclude>
    <ClInclude Include="tgbot\types\InlineQueryResultContact.h">
      <Filter>TgBot\Types</Filter>
    </ClInclude>
    <ClInclude Include="tgbot\types\InlineQueryResultDocument.h">
      <Filter>TgBot\Types</Filter>
    </ClInclude>
    <ClInclude Include="tgbot\types\InlineQueryResultGame.h">
      <Filter>TgBot\Types</Filter>
    </ClInclude>
    <ClInclude Include="tgbot\types\InlineQueryResultGif.h">
      <Filter>TgBot\Types</Filter>
    </ClInclude>
    <ClInclude Include="tgbot\types\InlineQueryResultLocation.h">
      <Filter>TgBot\Types</Filter>
    </ClInclude>
    <ClInclude Include="tgbot\types\InlineQueryResultMpeg4Gif.h">
      <Filter>TgBot\Types</Filter>
    </ClInclude>
    <ClInclude Include="tgbot\types\InlineQueryResultPhoto.h">
      <Filter>TgBot\Types</Filter>
    </ClInclude>
    <ClInclude Include="tgbot\types\InlineQueryResultVenue.h">
      <Filter>TgBot\Types</Filter>
    </ClInclude>
    <ClInclude Include="tgbot\types\InlineQueryResultVideo.h">
      <Filter>TgBot\Types</Filter>
    </ClInclude>
    <ClInclude Include="tgbot\types\InlineQueryResultVoice.h">
      <Filter>TgBot\Types</Filter>
    </ClInclude>
    <ClInclude Include="tgbot\types\InputContactMessageContent.h">
      <Filter>TgBot\Types</Filter>
    </ClInclude>
    <ClInclude Include="tgbot\types\InputFile.h">
      <Filter>TgBot\Types</Filter>
    </ClInclude>
    <ClInclude Include="tgbot\types\InputLocationMessageContent.h">
      <Filter>TgBot\Types</Filter>
    </ClInclude>
    <ClInclude Include="tgbot\types\InputMessageContent.h">
      <Filter>TgBot\Types</Filter>
    </ClInclude>
    <ClInclude Include="tgbot\types\InputTextMessageContent.h">
      <Filter>TgBot\Types</Filter>
    </ClInclude>
    <ClInclude Include="tgbot\types\InputVenueMessageContent.h">
      <Filter>TgBot\Types</Filter>
    </ClInclude>
    <ClInclude Include="tgbot\types\KeyboardButton.h">
      <Filter>TgBot\Types</Filter>
    </ClInclude>
    <ClInclude Include="tgbot\types\Location.h">
      <Filter>TgBot\Types</Filter>
    </ClInclude>
    <ClInclude Include="tgbot\types\Message.h">
      <Filter>TgBot\Types</Filter>
    </ClInclude>
    <ClInclude Include="tgbot\types\MessageEntity.h">
      <Filter>TgBot\Types</Filter>
    </ClInclude>
    <ClInclude Include="tgbot\types\PhotoSize.h">
      <Filter>TgBot\Types</Filter>
    </ClInclude>
    <ClInclude Include="tgbot\types\ReplyKeyboardMarkup.h">
      <Filter>TgBot\Types</Filter>
    </ClInclude>
    <ClInclude Include="tgbot\types\ReplyKeyboardRemove.h">
      <Filter>TgBot\Types</Filter>
    </ClInclude>
    <ClInclude Include="tgbot\types\ResponseParameters.h">
      <Filter>TgBot\Types</Filter>
    </ClInclude>
    <ClInclude Include="tgbot\types\Sticker.h">
      <Filter>TgBot\Types</Filter>
    </ClInclude>
    <ClInclude Include="tgbot\types\Update.h">
      <Filter>TgBot\Types</Filter>
    </ClInclude>
    <ClInclude Include="tgbot\types\User.h">
      <Filter>TgBot\Types</Filter>
    </ClInclude>
    <ClInclude Include="tgbot\types\UserProfilePhotos.h">
      <Filter>TgBot\Types</Filter>
    </ClInclude>
    <ClInclude Include="tgbot\types\Venue.h">
      <Filter>TgBot\Types</Filter>
    </ClInclude>
    <ClInclude Include="tgbot\types\Video.h">
      <Filter>TgBot\Types</Filter>
    </ClInclude>
    <ClInclude Include="tgbot\types\Voice.h">
      <Filter>TgBot\Types</Filter>
    </ClInclude>
    <ClInclude Include="tgbot\types\WebhookInfo.h">
      <Filter>TgBot\Types</Filter>
    </ClInclude>
    <ClInclude Include="GpsMessage.h">
      <Filter>Header Files</Filter>
    </ClInclude>
  </ItemGroup>
</Project>